
Microsoft Visual Studio Solution File, Format Version 12.00
# Visual Studio Version 17
VisualStudioVersion = 17.13.35806.99
MinimumVisualStudioVersion = 10.0.40219.1
Project("{2150E333-8FDC-42A3-9474-1A3956D46DE8}") = "deploy", "deploy", "{02EA681E-C7D8-13C7-8484-4AC65E1B71E8}"
	ProjectSection(SolutionItems) = preProject
		deploy\.env = deploy\.env
		deploy\docker-compose.yml = deploy\docker-compose.yml
	EndProjectSection
EndProject
Project("{2150E333-8FDC-42A3-9474-1A3956D46DE8}") = "src", "src", "{44999F5E-9DD4-474F-9DF8-576213611CD1}"
EndProject
Project("{FAE04EC0-301F-11D3-BF4B-00C04F79EFBC}") = "MppTests.Api", "src\MppTests.Api\MppTests.Api.csproj", "{AC94CD94-2D71-4F28-AE17-B6A4FEA5F3DC}"
EndProject
Project("{FAE04EC0-301F-11D3-BF4B-00C04F79EFBC}") = "MppTests.Models", "src\MppTests.Models\MppTests.Models.csproj", "{63F694D5-EA3D-486D-B4A8-53BF05A56CDB}"
EndProject
Project("{2150E333-8FDC-42A3-9474-1A3956D46DE8}") = "tests", "tests", "{12765E3D-A39A-4B7D-9AB5-105BEEDB118D}"
EndProject
Project("{FAE04EC0-301F-11D3-BF4B-00C04F79EFBC}") = "MppTests.Client", "src\MppTests.Client\MppTests.Client.csproj", "{05712E5B-4899-4886-BF6B-0B3D9E689673}"
EndProject
Project("{FAE04EC0-301F-11D3-BF4B-00C04F79EFBC}") = "MppTests.Api.Tests", "tests\MppTests.Api.Tests\MppTests.Api.Tests.csproj", "{196B2345-5DE0-4E8C-B62B-476AB845A755}"
EndProject
Global
	GlobalSection(SolutionConfigurationPlatforms) = preSolution
		Debug|Any CPU = Debug|Any CPU
		Release|Any CPU = Release|Any CPU
	EndGlobalSection
	GlobalSection(ProjectConfigurationPlatforms) = postSolution
		{AC94CD94-2D71-4F28-AE17-B6A4FEA5F3DC}.Debug|Any CPU.ActiveCfg = Debug|Any CPU
		{AC94CD94-2D71-4F28-AE17-B6A4FEA5F3DC}.Debug|Any CPU.Build.0 = Debug|Any CPU
		{AC94CD94-2D71-4F28-AE17-B6A4FEA5F3DC}.Release|Any CPU.ActiveCfg = Release|Any CPU
		{AC94CD94-2D71-4F28-AE17-B6A4FEA5F3DC}.Release|Any CPU.Build.0 = Release|Any CPU
		{63F694D5-EA3D-486D-B4A8-53BF05A56CDB}.Debug|Any CPU.ActiveCfg = Debug|Any CPU
		{63F694D5-EA3D-486D-B4A8-53BF05A56CDB}.Debug|Any CPU.Build.0 = Debug|Any CPU
		{63F694D5-EA3D-486D-B4A8-53BF05A56CDB}.Release|Any CPU.ActiveCfg = Release|Any CPU
		{63F694D5-EA3D-486D-B4A8-53BF05A56CDB}.Release|Any CPU.Build.0 = Release|Any CPU
		{05712E5B-4899-4886-BF6B-0B3D9E689673}.Debug|Any CPU.ActiveCfg = Debug|Any CPU
		{05712E5B-4899-4886-BF6B-0B3D9E689673}.Debug|Any CPU.Build.0 = Debug|Any CPU
		{05712E5B-4899-4886-BF6B-0B3D9E689673}.Release|Any CPU.ActiveCfg = Release|Any CPU
		{05712E5B-4899-4886-BF6B-0B3D9E689673}.Release|Any CPU.Build.0 = Release|Any CPU
		{196B2345-5DE0-4E8C-B62B-476AB845A755}.Debug|Any CPU.ActiveCfg = Debug|Any CPU
		{196B2345-5DE0-4E8C-B62B-476AB845A755}.Debug|Any CPU.Build.0 = Debug|Any CPU
		{196B2345-5DE0-4E8C-B62B-476AB845A755}.Release|Any CPU.ActiveCfg = Release|Any CPU
		{196B2345-5DE0-4E8C-B62B-476AB845A755}.Release|Any CPU.Build.0 = Release|Any CPU
	EndGlobalSection
	GlobalSection(SolutionProperties) = preSolution
		HideSolutionNode = FALSE
	EndGlobalSection
	GlobalSection(NestedProjects) = preSolution
		{AC94CD94-2D71-4F28-AE17-B6A4FEA5F3DC} = {44999F5E-9DD4-474F-9DF8-576213611CD1}
		{63F694D5-EA3D-486D-B4A8-53BF05A56CDB} = {44999F5E-9DD4-474F-9DF8-576213611CD1}
		{05712E5B-4899-4886-BF6B-0B3D9E689673} = {44999F5E-9DD4-474F-9DF8-576213611CD1}
		{196B2345-5DE0-4E8C-B62B-476AB845A755} = {12765E3D-A39A-4B7D-9AB5-105BEEDB118D}
	EndGlobalSection
	GlobalSection(ExtensibilityGlobals) = postSolution
		SolutionGuid = {00B7ED18-83EF-4821-AA37-18C707F7B850}
	EndGlobalSection
EndGlobal
